# This file is automatically @generated by Poetry 1.7.1 and should not be changed by hand.

[[package]]
name = "aioodbc"
version = "0.5.0"
description = "ODBC driver for asyncio."
optional = false
python-versions = ">=3.7"
files = [
    {file = "aioodbc-0.5.0-py3-none-any.whl", hash = "sha256:bcaf16f007855fa4bf0ce6754b1f72c6c5a3d544188849577ddd55c5dc42985e"},
    {file = "aioodbc-0.5.0.tar.gz", hash = "sha256:cbccd89ce595c033a49c9e6b4b55bbace7613a104b8a46e3d4c58c4bc4f25075"},
]

[package.dependencies]
pyodbc = ">=5.0.1"

[[package]]
name = "altgraph"
version = "0.17.4"
description = "Python graph (network) package"
optional = false
python-versions = "*"
files = [
    {file = "altgraph-0.17.4-py2.py3-none-any.whl", hash = "sha256:642743b4750de17e655e6711601b077bc6598dbfa3ba5fa2b2a35ce12b508dff"},
    {file = "altgraph-0.17.4.tar.gz", hash = "sha256:1b5afbb98f6c4dcadb2e2ae6ab9fa994bbb8c1d75f4fa96d340f9437ae454406"},
]

[[package]]
name = "macholib"
version = "1.16.3"
description = "Mach-O header analysis and editing"
optional = false
python-versions = "*"
files = [
    {file = "macholib-1.16.3-py2.py3-none-any.whl", hash = "sha256:0e315d7583d38b8c77e815b1ecbdbf504a8258d8b3e17b61165c6feb60d18f2c"},
    {file = "macholib-1.16.3.tar.gz", hash = "sha256:07ae9e15e8e4cd9a788013d81f5908b3609aa76f9b1421bae9c4d7606ec86a30"},
]

[package.dependencies]
altgraph = ">=0.17"

[[package]]
name = "numpy"
version = "1.26.2"
description = "Fundamental package for array computing in Python"
optional = false
python-versions = ">=3.9"
files = [
    {file = "numpy-1.26.2-cp310-cp310-macosx_10_9_x86_64.whl", hash = "sha256:3703fc9258a4a122d17043e57b35e5ef1c5a5837c3db8be396c82e04c1cf9b0f"},
    {file = "numpy-1.26.2-cp310-cp310-macosx_11_0_arm64.whl", hash = "sha256:cc392fdcbd21d4be6ae1bb4475a03ce3b025cd49a9be5345d76d7585aea69440"},
    {file = "numpy-1.26.2-cp310-cp310-manylinux_2_17_aarch64.manylinux2014_aarch64.whl", hash = "sha256:36340109af8da8805d8851ef1d74761b3b88e81a9bd80b290bbfed61bd2b4f75"},
    {file = "numpy-1.26.2-cp310-cp310-manylinux_2_17_x86_64.manylinux2014_x86_64.whl", hash = "sha256:bcc008217145b3d77abd3e4d5ef586e3bdfba8fe17940769f8aa09b99e856c00"},
    {file = "numpy-1.26.2-cp310-cp310-musllinux_1_1_aarch64.whl", hash = "sha256:3ced40d4e9e18242f70dd02d739e44698df3dcb010d31f495ff00a31ef6014fe"},
    {file = "numpy-1.26.2-cp310-cp310-musllinux_1_1_x86_64.whl", hash = "sha256:b272d4cecc32c9e19911891446b72e986157e6a1809b7b56518b4f3755267523"},
    {file = "numpy-1.26.2-cp310-cp310-win32.whl", hash = "sha256:22f8fc02fdbc829e7a8c578dd8d2e15a9074b630d4da29cda483337e300e3ee9"},
    {file = "numpy-1.26.2-cp310-cp310-win_amd64.whl", hash = "sha256:26c9d33f8e8b846d5a65dd068c14e04018d05533b348d9eaeef6c1bd787f9919"},
    {file = "numpy-1.26.2-cp311-cp311-macosx_10_9_x86_64.whl", hash = "sha256:b96e7b9c624ef3ae2ae0e04fa9b460f6b9f17ad8b4bec6d7756510f1f6c0c841"},
    {file = "numpy-1.26.2-cp311-cp311-macosx_11_0_arm64.whl", hash = "sha256:aa18428111fb9a591d7a9cc1b48150097ba6a7e8299fb56bdf574df650e7d1f1"},
    {file = "numpy-1.26.2-cp311-cp311-manylinux_2_17_aarch64.manylinux2014_aarch64.whl", hash = "sha256:06fa1ed84aa60ea6ef9f91ba57b5ed963c3729534e6e54055fc151fad0423f0a"},
    {file = "numpy-1.26.2-cp311-cp311-manylinux_2_17_x86_64.manylinux2014_x86_64.whl", hash = "sha256:96ca5482c3dbdd051bcd1fce8034603d6ebfc125a7bd59f55b40d8f5d246832b"},
    {file = "numpy-1.26.2-cp311-cp311-musllinux_1_1_aarch64.whl", hash = "sha256:854ab91a2906ef29dc3925a064fcd365c7b4da743f84b123002f6139bcb3f8a7"},
    {file = "numpy-1.26.2-cp311-cp311-musllinux_1_1_x86_64.whl", hash = "sha256:f43740ab089277d403aa07567be138fc2a89d4d9892d113b76153e0e412409f8"},
    {file = "numpy-1.26.2-cp311-cp311-win32.whl", hash = "sha256:a2bbc29fcb1771cd7b7425f98b05307776a6baf43035d3b80c4b0f29e9545186"},
    {file = "numpy-1.26.2-cp311-cp311-win_amd64.whl", hash = "sha256:2b3fca8a5b00184828d12b073af4d0fc5fdd94b1632c2477526f6bd7842d700d"},
    {file = "numpy-1.26.2-cp312-cp312-macosx_10_9_x86_64.whl", hash = "sha256:a4cd6ed4a339c21f1d1b0fdf13426cb3b284555c27ac2f156dfdaaa7e16bfab0"},
    {file = "numpy-1.26.2-cp312-cp312-macosx_11_0_arm64.whl", hash = "sha256:5d5244aabd6ed7f312268b9247be47343a654ebea52a60f002dc70c769048e75"},
    {file = "numpy-1.26.2-cp312-cp312-manylinux_2_17_aarch64.manylinux2014_aarch64.whl", hash = "sha256:6a3cdb4d9c70e6b8c0814239ead47da00934666f668426fc6e94cce869e13fd7"},
    {file = "numpy-1.26.2-cp312-cp312-manylinux_2_17_x86_64.manylinux2014_x86_64.whl", hash = "sha256:aa317b2325f7aa0a9471663e6093c210cb2ae9c0ad824732b307d2c51983d5b6"},
    {file = "numpy-1.26.2-cp312-cp312-musllinux_1_1_aarch64.whl", hash = "sha256:174a8880739c16c925799c018f3f55b8130c1f7c8e75ab0a6fa9d41cab092fd6"},
    {file = "numpy-1.26.2-cp312-cp312-musllinux_1_1_x86_64.whl", hash = "sha256:f79b231bf5c16b1f39c7f4875e1ded36abee1591e98742b05d8a0fb55d8a3eec"},
    {file = "numpy-1.26.2-cp312-cp312-win32.whl", hash = "sha256:4a06263321dfd3598cacb252f51e521a8cb4b6df471bb12a7ee5cbab20ea9167"},
    {file = "numpy-1.26.2-cp312-cp312-win_amd64.whl", hash = "sha256:b04f5dc6b3efdaab541f7857351aac359e6ae3c126e2edb376929bd3b7f92d7e"},
    {file = "numpy-1.26.2-cp39-cp39-macosx_10_9_x86_64.whl", hash = "sha256:4eb8df4bf8d3d90d091e0146f6c28492b0be84da3e409ebef54349f71ed271ef"},
    {file = "numpy-1.26.2-cp39-cp39-macosx_11_0_arm64.whl", hash = "sha256:1a13860fdcd95de7cf58bd6f8bc5a5ef81c0b0625eb2c9a783948847abbef2c2"},
    {file = "numpy-1.26.2-cp39-cp39-manylinux_2_17_aarch64.manylinux2014_aarch64.whl", hash = "sha256:64308ebc366a8ed63fd0bf426b6a9468060962f1a4339ab1074c228fa6ade8e3"},
    {file = "numpy-1.26.2-cp39-cp39-manylinux_2_17_x86_64.manylinux2014_x86_64.whl", hash = "sha256:baf8aab04a2c0e859da118f0b38617e5ee65d75b83795055fb66c0d5e9e9b818"},
    {file = "numpy-1.26.2-cp39-cp39-musllinux_1_1_aarch64.whl", hash = "sha256:d73a3abcac238250091b11caef9ad12413dab01669511779bc9b29261dd50210"},
    {file = "numpy-1.26.2-cp39-cp39-musllinux_1_1_x86_64.whl", hash = "sha256:b361d369fc7e5e1714cf827b731ca32bff8d411212fccd29ad98ad622449cc36"},
    {file = "numpy-1.26.2-cp39-cp39-win32.whl", hash = "sha256:bd3f0091e845164a20bd5a326860c840fe2af79fa12e0469a12768a3ec578d80"},
    {file = "numpy-1.26.2-cp39-cp39-win_amd64.whl", hash = "sha256:2beef57fb031dcc0dc8fa4fe297a742027b954949cabb52a2a376c144e5e6060"},
    {file = "numpy-1.26.2-pp39-pypy39_pp73-macosx_10_9_x86_64.whl", hash = "sha256:1cc3d5029a30fb5f06704ad6b23b35e11309491c999838c31f124fee32107c79"},
    {file = "numpy-1.26.2-pp39-pypy39_pp73-manylinux_2_17_x86_64.manylinux2014_x86_64.whl", hash = "sha256:94cc3c222bb9fb5a12e334d0479b97bb2df446fbe622b470928f5284ffca3f8d"},
    {file = "numpy-1.26.2-pp39-pypy39_pp73-win_amd64.whl", hash = "sha256:fe6b44fb8fcdf7eda4ef4461b97b3f63c466b27ab151bec2366db8b197387841"},
    {file = "numpy-1.26.2.tar.gz", hash = "sha256:f65738447676ab5777f11e6bbbdb8ce11b785e105f690bc45966574816b6d3ea"},
]

[[package]]
name = "packaging"
version = "23.2"
description = "Core utilities for Python packages"
optional = false
python-versions = ">=3.7"
files = [
    {file = "packaging-23.2-py3-none-any.whl", hash = "sha256:8c491190033a9af7e1d931d0b5dacc2ef47509b34dd0de67ed209b5203fc88c7"},
    {file = "packaging-23.2.tar.gz", hash = "sha256:048fb0e9405036518eaaf48a55953c750c11e1a1b68e0dd1a9d62ed0c092cfc5"},
]

[[package]]
name = "pefile"
version = "2023.2.7"
description = "Python PE parsing module"
optional = false
python-versions = ">=3.6.0"
files = [
    {file = "pefile-2023.2.7-py3-none-any.whl", hash = "sha256:da185cd2af68c08a6cd4481f7325ed600a88f6a813bad9dea07ab3ef73d8d8d6"},
    {file = "pefile-2023.2.7.tar.gz", hash = "sha256:82e6114004b3d6911c77c3953e3838654b04511b8b66e8583db70c65998017dc"},
]

[[package]]
name = "pyedifice"
version = "0.2.1"
description = "Declarative GUI framework for Python and Qt"
optional = false
python-versions = ">=3.8,<3.12"
files = [
    {file = "pyedifice-0.2.1-py3-none-any.whl", hash = "sha256:14e63807c3ad523dff4bce882bd6342ea04157b71bb16fb7d1af82100a129bda"},
    {file = "pyedifice-0.2.1.tar.gz", hash = "sha256:6927f6ac870c3725b37ce91081f066762410ab1913f04336368cfca0ce69dd1c"},
]

[package.dependencies]
numpy = ">=1.19.4"
qasync = ">=0.13.0"

[[package]]
name = "pyinstaller"
version = "6.2.0"
description = "PyInstaller bundles a Python application and all its dependencies into a single package."
optional = false
python-versions = "<3.13,>=3.8"
files = [
    {file = "pyinstaller-6.2.0-py3-none-macosx_10_13_universal2.whl", hash = "sha256:a1adbd3cf25dc90926d783eae0f444d65cdfecc7bcdf6da522c3ae3ff47b4c25"},
    {file = "pyinstaller-6.2.0-py3-none-manylinux2014_aarch64.whl", hash = "sha256:29d164394f1e949072f78a64c1e040f1c47b7f4aff08514c7666a031c8b44996"},
    {file = "pyinstaller-6.2.0-py3-none-manylinux2014_i686.whl", hash = "sha256:ba602a38d7403de89c38b8956b221ce6de0280730d269bab522492fcad82ee33"},
    {file = "pyinstaller-6.2.0-py3-none-manylinux2014_ppc64le.whl", hash = "sha256:ebac06d99b80d2035594c3cc2fb5f2612d86289edd0510dbcbeb20a873f51d5a"},
    {file = "pyinstaller-6.2.0-py3-none-manylinux2014_s390x.whl", hash = "sha256:fcfabc0ff1d38a4262c051dea3fdc1f7f106405c1f1b491b4c79cd28df19cab6"},
    {file = "pyinstaller-6.2.0-py3-none-manylinux2014_x86_64.whl", hash = "sha256:104430686149b2f1c135b2c17aa2967c85d54ef77dc92feb4e179ec846c0c467"},
    {file = "pyinstaller-6.2.0-py3-none-musllinux_1_1_aarch64.whl", hash = "sha256:e87fd60292b53bb9965cb5a84122875469a2bd475fd0d0db0052a3f1be351f75"},
    {file = "pyinstaller-6.2.0-py3-none-musllinux_1_1_x86_64.whl", hash = "sha256:8ec9d6c98972bb922cedb16a6638257aa66e5deadd79e2953f3464696237c413"},
    {file = "pyinstaller-6.2.0-py3-none-win32.whl", hash = "sha256:e5561e9a9b946d835c8dbc11ae4c16cc21e62bc77d10cc043406dc2992dfb4c6"},
    {file = "pyinstaller-6.2.0-py3-none-win_amd64.whl", hash = "sha256:3b586196277c4c54b69880650984c39c28bb6258c2b4b64200032e6ac69d53a0"},
    {file = "pyinstaller-6.2.0-py3-none-win_arm64.whl", hash = "sha256:d0c87b605bf13c3a04dfaa1d2fa7cd36765b8137000eeadccba865e1d6a19bf0"},
    {file = "pyinstaller-6.2.0.tar.gz", hash = "sha256:1ce77043929bf525be38289d78feecde0fcf15506215eda6500176a8715c5047"},
]

[package.dependencies]
altgraph = "*"
macholib = {version = ">=1.8", markers = "sys_platform == \"darwin\""}
packaging = ">=22.0"
pefile = {version = ">=2022.5.30", markers = "sys_platform == \"win32\""}
pyinstaller-hooks-contrib = ">=2021.4"
pywin32-ctypes = {version = ">=0.2.1", markers = "sys_platform == \"win32\""}
setuptools = ">=42.0.0"

[package.extras]
completion = ["argcomplete"]
hook-testing = ["execnet (>=1.5.0)", "psutil", "pytest (>=2.7.3)"]

[[package]]
name = "pyinstaller-hooks-contrib"
version = "2023.10"
description = "Community maintained hooks for PyInstaller"
optional = false
python-versions = ">=3.7"
files = [
    {file = "pyinstaller-hooks-contrib-2023.10.tar.gz", hash = "sha256:4b4a998036abb713774cb26534ca06b7e6e09e4c628196017a10deb11a48747f"},
    {file = "pyinstaller_hooks_contrib-2023.10-py2.py3-none-any.whl", hash = "sha256:6dc1786a8f452941245d5bb85893e2a33632ebdcbc4c23eea41f2ee08281b0c0"},
]

[[package]]
name = "pyodbc"
version = "5.0.1"
description = "DB API module for ODBC"
optional = false
python-versions = ">=3.8"
files = [
    {file = "pyodbc-5.0.1-cp310-cp310-macosx_10_9_x86_64.whl", hash = "sha256:9824b175db875a2dd116c7cf16dc3bdf14855404417afd145c5b839da222cb46"},
    {file = "pyodbc-5.0.1-cp310-cp310-macosx_11_0_arm64.whl", hash = "sha256:b4d41d0a10523862aac9e2f578bae0ec66003c76e0644d1b53d6ac110b73e5ed"},
    {file = "pyodbc-5.0.1-cp310-cp310-manylinux_2_17_aarch64.manylinux2014_aarch64.whl", hash = "sha256:dd4a9ec6d0b31118f3c46020d9784923b99873585919d08e67d95bbf6ab99716"},
    {file = "pyodbc-5.0.1-cp310-cp310-manylinux_2_17_x86_64.manylinux2014_x86_64.whl", hash = "sha256:654843036b714e4f3f4605fc359690738a3465d333f8297a74841e3990d3eabd"},
    {file = "pyodbc-5.0.1-cp310-cp310-win32.whl", hash = "sha256:c68b3dd0b86d45fdebc566a9596f27b216d25068728bb43a4c961f0fcb9bb970"},
    {file = "pyodbc-5.0.1-cp310-cp310-win_amd64.whl", hash = "sha256:1d7dbef96ebb3eba8bc3f5431694d6e6969d50d0e21f6c4f3b0b2dc9fe8c4f25"},
    {file = "pyodbc-5.0.1-cp311-cp311-macosx_10_9_x86_64.whl", hash = "sha256:459a245ae5409dd2fe6eb8531b907da8d61f72d3b18a6276c82cafe2e4896acf"},
    {file = "pyodbc-5.0.1-cp311-cp311-macosx_11_0_arm64.whl", hash = "sha256:b3ea6ed0fb8a1b46e643cfaba935656b9abe023d4ab66a8f653bf0c5bc1ce74d"},
    {file = "pyodbc-5.0.1-cp311-cp311-manylinux_2_17_aarch64.manylinux2014_aarch64.whl", hash = "sha256:cbfca542a528278a2c43a85d7a6bfde74854d0e7b3cd8c4ab31647bfe5a11069"},
    {file = "pyodbc-5.0.1-cp311-cp311-manylinux_2_17_x86_64.manylinux2014_x86_64.whl", hash = "sha256:8744c48f494bd365529935d3ac6ec15d3e3995e877587e293a3d3110ffcc0374"},
    {file = "pyodbc-5.0.1-cp311-cp311-win32.whl", hash = "sha256:b22474ede5b2841fe67658431f02a3ab9f16601c12a18c0286af435d742c2b71"},
    {file = "pyodbc-5.0.1-cp311-cp311-win_amd64.whl", hash = "sha256:ccc04742bb2fee1f5d2a5b84462f62cd68c346aa274b89b5257e328d41f9d69d"},
    {file = "pyodbc-5.0.1-cp312-cp312-macosx_10_9_x86_64.whl", hash = "sha256:9aef4f14f126ef607897245ff2742532ce0c299aee3c0e48d37bbdf1ff0b9532"},
    {file = "pyodbc-5.0.1-cp312-cp312-macosx_11_0_arm64.whl", hash = "sha256:dbf783d6cc923603de35a648db64c50f6699372188dc32b97a373c4b12694bd1"},
    {file = "pyodbc-5.0.1-cp312-cp312-manylinux_2_17_aarch64.manylinux2014_aarch64.whl", hash = "sha256:d2f32d98f9522de54958e3478d03c1a85c1efc103f378913bc4d9a7b610a3d02"},
    {file = "pyodbc-5.0.1-cp312-cp312-manylinux_2_17_x86_64.manylinux2014_x86_64.whl", hash = "sha256:88d94c4fa53fc5440ce904c987e97316f271c21d3e968090f8fb76baf1a9be90"},
    {file = "pyodbc-5.0.1-cp312-cp312-win32.whl", hash = "sha256:17d25a51823a5c8631fd117c1d352425404cd2116fd75b55aac4cb79da2e8c85"},
    {file = "pyodbc-5.0.1-cp312-cp312-win_amd64.whl", hash = "sha256:3a3204ba4d1374fe8c301a76e04c9e9207d71cc346ca8282a85c20260d135b5d"},
    {file = "pyodbc-5.0.1-cp38-cp38-macosx_10_9_x86_64.whl", hash = "sha256:9ae1d8ba8cbf3680556f147f89948493d3f5bd1ed360bd5ce9807e62e573ed03"},
    {file = "pyodbc-5.0.1-cp38-cp38-macosx_11_0_arm64.whl", hash = "sha256:51162fa1902657a555f5b661eb36516c12b6c11ec84db77c9da3aabc7325fa95"},
    {file = "pyodbc-5.0.1-cp38-cp38-manylinux_2_17_aarch64.manylinux2014_aarch64.whl", hash = "sha256:e3cf639c73fb948fa2744e52de316b033b95f852960aae58b63c7dc32a88b4d2"},
    {file = "pyodbc-5.0.1-cp38-cp38-manylinux_2_17_x86_64.manylinux2014_x86_64.whl", hash = "sha256:067015537a20cf893ae675384f99291eade66a7d59bc54f9dedee55ad4290b4c"},
    {file = "pyodbc-5.0.1-cp38-cp38-win32.whl", hash = "sha256:e7ef83973ba56f01e95579ce74c24b72bbd918daf417f33726e21cc01a5bf53c"},
    {file = "pyodbc-5.0.1-cp38-cp38-win_amd64.whl", hash = "sha256:4e5e4e2b4d5dce80f18d58286f1e7a3e2a79eb49d2c514c56ab043ae00566303"},
    {file = "pyodbc-5.0.1-cp39-cp39-macosx_10_9_x86_64.whl", hash = "sha256:393e51ca84ba5a3983f859d50ef029d243cb2c7a5b1ef0ddc36479ff49780078"},
    {file = "pyodbc-5.0.1-cp39-cp39-macosx_11_0_arm64.whl", hash = "sha256:d109b7955864f11d5e0c813e6b886a2829422cd7b59c61870dc5e0fa7904f132"},
    {file = "pyodbc-5.0.1-cp39-cp39-manylinux_2_17_aarch64.manylinux2014_aarch64.whl", hash = "sha256:b704e481c5973155eebed3730b9769c349b0338ad6fa7b0d7191cc30f3303e0a"},
    {file = "pyodbc-5.0.1-cp39-cp39-manylinux_2_17_x86_64.manylinux2014_x86_64.whl", hash = "sha256:b1b38d3adc4c9911b46cff3b1a8293e25c3a18c465d13483624a07bc1056c36a"},
    {file = "pyodbc-5.0.1-cp39-cp39-win32.whl", hash = "sha256:ce553cdf33663c6496175a11f32b684bb38cdffb9b185f3967037d369161715c"},
    {file = "pyodbc-5.0.1-cp39-cp39-win_amd64.whl", hash = "sha256:87df79b524928d8c65475099b1cce3cfea66ef2c332ecb027fa6455c4916ad26"},
    {file = "pyodbc-5.0.1.tar.gz", hash = "sha256:03d7d0b04d5a9156099ce8d03e92f3956783746fa9234eb6f5b5cfc12b645011"},
]

[[package]]
name = "pyparsing"
version = "3.1.1"
description = "pyparsing module - Classes and methods to define and execute parsing grammars"
optional = false
python-versions = ">=3.6.8"
files = [
    {file = "pyparsing-3.1.1-py3-none-any.whl", hash = "sha256:32c7c0b711493c72ff18a981d24f28aaf9c1fb7ed5e9667c9e84e3db623bdbfb"},
    {file = "pyparsing-3.1.1.tar.gz", hash = "sha256:ede28a1a32462f5a9705e07aea48001a08f7cf81a021585011deba701581a0db"},
]

[package.extras]
diagrams = ["jinja2", "railroad-diagrams"]

[[package]]
name = "pyside6"
version = "6.6.0"
description = "Python bindings for the Qt cross-platform application and UI framework"
optional = false
python-versions = "<3.13,>=3.8"
files = [
    {file = "PySide6-6.6.0-cp38-abi3-macosx_11_0_universal2.whl", hash = "sha256:8103f14ed46a05e81acccbfc8388e3321e392fe54f3aa4a13336bd2ed8af5cd4"},
    {file = "PySide6-6.6.0-cp38-abi3-manylinux_2_28_x86_64.whl", hash = "sha256:d487eab0f9bfc5c9141b474093e16207ff48cd9335e6465a01deb8dff0693fbc"},
    {file = "PySide6-6.6.0-cp38-abi3-manylinux_2_31_aarch64.whl", hash = "sha256:f40917b7a0c5c7f0c7faaa87e66ffa3b58d9d1d3d977d30fc07e193b82dd6749"},
    {file = "PySide6-6.6.0-cp38-abi3-win_amd64.whl", hash = "sha256:d41dfcfa32c89502cdaa20206b7e2aba199072f94b424bc6a4d6f50b10f4eb5a"},
]

[package.dependencies]
PySide6-Addons = "6.6.0"
PySide6-Essentials = "6.6.0"
shiboken6 = "6.6.0"

[[package]]
name = "pyside6-addons"
version = "6.6.0"
description = "Python bindings for the Qt cross-platform application and UI framework (Addons)"
optional = false
python-versions = "<3.13,>=3.8"
files = [
    {file = "PySide6_Addons-6.6.0-cp38-abi3-macosx_11_0_universal2.whl", hash = "sha256:82fe1bb6a1aabf5ab3d8632072dc908aa37fc75b4b46e520258c441bd6b103fb"},
    {file = "PySide6_Addons-6.6.0-cp38-abi3-manylinux_2_28_x86_64.whl", hash = "sha256:5c56e963b841aeaacbc9ca8ca34df45308818dbd6fc59faa2b5a00a299e9892b"},
    {file = "PySide6_Addons-6.6.0-cp38-abi3-manylinux_2_31_aarch64.whl", hash = "sha256:e145514a7c37ee3a6ad0ddd693f805ccff6fbd9640a24fb2ef6b7f852882d3e9"},
    {file = "PySide6_Addons-6.6.0-cp38-abi3-win_amd64.whl", hash = "sha256:414864f7cfbdf8ac4c5a745566a515f18b6018d5730bf5489cc2716b5e1fcd9b"},
]

[package.dependencies]
PySide6-Essentials = "6.6.0"
shiboken6 = "6.6.0"

[[package]]
name = "pyside6-essentials"
version = "6.6.0"
description = "Python bindings for the Qt cross-platform application and UI framework (Essentials)"
optional = false
python-versions = "<3.13,>=3.8"
files = [
    {file = "PySide6_Essentials-6.6.0-cp38-abi3-macosx_11_0_universal2.whl", hash = "sha256:26d27e3e3a18acbc770a69a30774fd345414fe4932fcb89d2cfc4fc130c3eb33"},
    {file = "PySide6_Essentials-6.6.0-cp38-abi3-manylinux_2_28_x86_64.whl", hash = "sha256:60284641619f964e1cb4d53cf3169d7a385e0378b74edb75610918d2aea1c4e5"},
    {file = "PySide6_Essentials-6.6.0-cp38-abi3-manylinux_2_31_aarch64.whl", hash = "sha256:37d5d9c6ee696a17890f07e7ce1f88f890174bd4aca29f47922ecc959ab28352"},
    {file = "PySide6_Essentials-6.6.0-cp38-abi3-win_amd64.whl", hash = "sha256:97bbe33f584a09cef6a3fbc1295fb0fd7acaac345bc0f5601bf45d41c91683ac"},
]

[package.dependencies]
shiboken6 = "6.6.0"

[[package]]
name = "pywin32-ctypes"
version = "0.2.2"
description = "A (partial) reimplementation of pywin32 using ctypes/cffi"
optional = false
python-versions = ">=3.6"
files = [
    {file = "pywin32-ctypes-0.2.2.tar.gz", hash = "sha256:3426e063bdd5fd4df74a14fa3cf80a0b42845a87e1d1e81f6549f9daec593a60"},
    {file = "pywin32_ctypes-0.2.2-py3-none-any.whl", hash = "sha256:bf490a1a709baf35d688fe0ecf980ed4de11d2b3e37b51e5442587a75d9957e7"},
]

[[package]]
name = "qasync"
version = "0.27.1"
description = "Python library for using asyncio in Qt-based applications"
optional = false
python-versions = ">=3.8,<4.0"
files = [
    {file = "qasync-0.27.1-py3-none-any.whl", hash = "sha256:5d57335723bc7d9b328dadd8cb2ed7978640e4bf2da184889ce50ee3ad2602c7"},
    {file = "qasync-0.27.1.tar.gz", hash = "sha256:8dc768fd1ee5de1044c7c305eccf2d39d24d87803ea71189d4024fb475f4985f"},
]

[[package]]
name = "setuptools"
version = "69.0.2"
description = "Easily download, build, install, upgrade, and uninstall Python packages"
optional = false
python-versions = ">=3.8"
files = [
    {file = "setuptools-69.0.2-py3-none-any.whl", hash = "sha256:1e8fdff6797d3865f37397be788a4e3cba233608e9b509382a2777d25ebde7f2"},
    {file = "setuptools-69.0.2.tar.gz", hash = "sha256:735896e78a4742605974de002ac60562d286fa8051a7e2299445e8e8fbb01aa6"},
]

[package.extras]
docs = ["furo", "jaraco.packaging (>=9.3)", "jaraco.tidelift (>=1.4)", "pygments-github-lexers (==0.0.5)", "rst.linker (>=1.9)", "sphinx (<7.2.5)", "sphinx (>=3.5)", "sphinx-favicon", "sphinx-inline-tabs", "sphinx-lint", "sphinx-notfound-page (>=1,<2)", "sphinx-reredirects", "sphinxcontrib-towncrier"]
testing = ["build[virtualenv]", "filelock (>=3.4.0)", "flake8-2020", "ini2toml[lite] (>=0.9)", "jaraco.develop (>=7.21)", "jaraco.envs (>=2.2)", "jaraco.path (>=3.2.0)", "pip (>=19.1)", "pytest (>=6)", "pytest-black (>=0.3.7)", "pytest-checkdocs (>=2.4)", "pytest-cov", "pytest-enabler (>=2.2)", "pytest-mypy (>=0.9.1)", "pytest-perf", "pytest-ruff", "pytest-timeout", "pytest-xdist", "tomli-w (>=1.0.0)", "virtualenv (>=13.0.0)", "wheel"]
testing-integration = ["build[virtualenv] (>=1.0.3)", "filelock (>=3.4.0)", "jaraco.envs (>=2.2)", "jaraco.path (>=3.2.0)", "packaging (>=23.1)", "pytest", "pytest-enabler", "pytest-xdist", "tomli", "virtualenv (>=13.0.0)", "wheel"]

[[package]]
name = "shiboken6"
version = "6.6.0"
description = "Python/C++ bindings helper module"
optional = false
python-versions = "<3.13,>=3.8"
files = [
    {file = "shiboken6-6.6.0-cp38-abi3-macosx_11_0_universal2.whl", hash = "sha256:bf23c43e53ffe6097853666ced05358c6640c378e992902a36c4cf77efb0223b"},
    {file = "shiboken6-6.6.0-cp38-abi3-manylinux_2_28_x86_64.whl", hash = "sha256:456b89fb4b323e0c5002d92e4d346b48bb4e709db801208df8a0d6b4f5efc33d"},
    {file = "shiboken6-6.6.0-cp38-abi3-manylinux_2_31_aarch64.whl", hash = "sha256:fb8c683206c3365f9240fff7f908485384893b02efb089b69ff816b4390baa9a"},
    {file = "shiboken6-6.6.0-cp38-abi3-win_amd64.whl", hash = "sha256:e62b2610b84f0ff7ed0181a4c535849cdc0654127097b5ef561cf0a33078f245"},
]

[[package]]
name = "typeguard"
version = "4.1.5"
description = "Run-time type checker for Python"
optional = false
python-versions = ">=3.8"
files = [
    {file = "typeguard-4.1.5-py3-none-any.whl", hash = "sha256:8923e55f8873caec136c892c3bed1f676eae7be57cdb94819281b3d3bc9c0953"},
    {file = "typeguard-4.1.5.tar.gz", hash = "sha256:ea0a113bbc111bcffc90789ebb215625c963411f7096a7e9062d4e4630c155fd"},
]

[package.dependencies]
typing-extensions = {version = ">=4.7.0", markers = "python_version < \"3.12\""}

[package.extras]
doc = ["Sphinx (>=7)", "packaging", "sphinx-autodoc-typehints (>=1.2.0)"]
test = ["coverage[toml] (>=7)", "mypy (>=1.2.0)", "pytest (>=7)"]

[[package]]
name = "typing-extensions"
version = "4.8.0"
description = "Backported and Experimental Type Hints for Python 3.8+"
optional = false
python-versions = ">=3.8"
files = [
    {file = "typing_extensions-4.8.0-py3-none-any.whl", hash = "sha256:8f92fc8806f9a6b641eaa5318da32b44d401efaac0f6678c9bc448ba3605faa0"},
    {file = "typing_extensions-4.8.0.tar.gz", hash = "sha256:df8e4339e9cb77357558cbdbceca33c303714cf861d1eef15e1070055ae8b7ef"},
]

[metadata]
lock-version = "2.0"
python-versions = "3.11.*"
content-hash = "5db0c9de651dd11bba58c4a08f914c930d3fd56750a09cdf90513b60696a4c20"
